
Microsoft Visual Studio Solution File, Format Version 12.00
# Visual Studio Version 17
VisualStudioVersion = 17.13.35931.197 d17.13
MinimumVisualStudioVersion = 10.0.40219.1
Project("{FAE04EC0-301F-11D3-BF4B-00C04F79EFBC}") = "FUNewsManagementSystem", "FUNewsManagementSystem\FUNewsManagementSystem.csproj", "{75338EDB-DB61-4E46-B6A0-B77B472CFFF8}"
EndProject
Global
	GlobalSection(SolutionConfigurationPlatforms) = preSolution
		Debug|Any CPU = Debug|Any CPU
		Release|Any CPU = Release|Any CPU
	EndGlobalSection
	GlobalSection(ProjectConfigurationPlatforms) = postSolution
		{75338EDB-DB61-4E46-B6A0-B77B472CFFF8}.Debug|Any CPU.ActiveCfg = Debug|Any CPU
		{75338EDB-DB61-4E46-B6A0-B77B472CFFF8}.Debug|Any CPU.Build.0 = Debug|Any CPU
		{75338EDB-DB61-4E46-B6A0-B77B472CFFF8}.Release|Any CPU.ActiveCfg = Release|Any CPU
		{75338EDB-DB61-4E46-B6A0-B77B472CFFF8}.Release|Any CPU.Build.0 = Release|Any CPU
	EndGlobalSection
	GlobalSection(SolutionProperties) = preSolution
		HideSolutionNode = FALSE
	EndGlobalSection
	GlobalSection(ExtensibilityGlobals) = postSolution
		SolutionGuid = {BEDCC383-6CEC-4097-8588-7729FB950E7B}
	EndGlobalSection
EndGlobal
